// !$*UTF8*$!
{
	archiveVersion = 1;
	classes = {
	};
	objectVersion = 50;
	objects = {

/* Begin PBXBuildFile section */
		1E2B929624DEFD8B009E703D /* PickerData.swift in Sources */ = {isa = PBXBuildFile; fileRef = 1E2B929524DEFD8B009E703D /* PickerData.swift */; };
		1E2B929824E03FA4009E703D /* ChangeGamePickerView.swift in Sources */ = {isa = PBXBuildFile; fileRef = 1E2B929724E03FA4009E703D /* ChangeGamePickerView.swift */; };
		1E2B92A024E34908009E703D /* Main.storyboard in Resources */ = {isa = PBXBuildFile; fileRef = 1E2B929E24E34908009E703D /* Main.storyboard */; };
		1EBBC02924DC9E9B001BE860 /* AppDelegate.swift in Sources */ = {isa = PBXBuildFile; fileRef = 1EBBC02824DC9E9B001BE860 /* AppDelegate.swift */; };
		1EBBC02B24DC9E9B001BE860 /* SceneDelegate.swift in Sources */ = {isa = PBXBuildFile; fileRef = 1EBBC02A24DC9E9B001BE860 /* SceneDelegate.swift */; };
		1EBBC03224DC9E9C001BE860 /* Assets.xcassets in Resources */ = {isa = PBXBuildFile; fileRef = 1EBBC03124DC9E9C001BE860 /* Assets.xcassets */; };
		1EBBC03524DC9E9C001BE860 /* LaunchScreen.storyboard in Resources */ = {isa = PBXBuildFile; fileRef = 1EBBC03324DC9E9C001BE860 /* LaunchScreen.storyboard */; };
		1EBBC03D24DCA602001BE860 /* MainViewController.swift in Sources */ = {isa = PBXBuildFile; fileRef = 1EBBC03C24DCA602001BE860 /* MainViewController.swift */; };
		1EBBC03F24DCA66A001BE860 /* PuzzleManager.swift in Sources */ = {isa = PBXBuildFile; fileRef = 1EBBC03E24DCA66A001BE860 /* PuzzleManager.swift */; };
/* End PBXBuildFile section */

/* Begin PBXFileReference section */
		1E2B929524DEFD8B009E703D /* PickerData.swift */ = {isa = PBXFileReference; lastKnownFileType = sourcecode.swift; path = PickerData.swift; sourceTree = "<group>"; };
		1E2B929724E03FA4009E703D /* ChangeGamePickerView.swift */ = {isa = PBXFileReference; lastKnownFileType = sourcecode.swift; path = ChangeGamePickerView.swift; sourceTree = "<group>"; };
		1E2B929F24E34908009E703D /* Base */ = {isa = PBXFileReference; lastKnownFileType = file.storyboard; name = Base; path = Base.lproj/Main.storyboard; sourceTree = "<group>"; };
		1EBBC02524DC9E9B001BE860 /* Puzze15App.app */ = {isa = PBXFileReference; explicitFileType = wrapper.application; includeInIndex = 0; path = Puzze15App.app; sourceTree = BUILT_PRODUCTS_DIR; };
		1EBBC02824DC9E9B001BE860 /* AppDelegate.swift */ = {isa = PBXFileReference; lastKnownFileType = sourcecode.swift; path = AppDelegate.swift; sourceTree = "<group>"; };
		1EBBC02A24DC9E9B001BE860 /* SceneDelegate.swift */ = {isa = PBXFileReference; lastKnownFileType = sourcecode.swift; path = SceneDelegate.swift; sourceTree = "<group>"; };
		1EBBC03124DC9E9C001BE860 /* Assets.xcassets */ = {isa = PBXFileReference; lastKnownFileType = folder.assetcatalog; path = Assets.xcassets; sourceTree = "<group>"; };
		1EBBC03424DC9E9C001BE860 /* Base */ = {isa = PBXFileReference; lastKnownFileType = file.storyboard; name = Base; path = Base.lproj/LaunchScreen.storyboard; sourceTree = "<group>"; };
		1EBBC03624DC9E9C001BE860 /* Info.plist */ = {isa = PBXFileReference; lastKnownFileType = text.plist.xml; path = Info.plist; sourceTree = "<group>"; };
		1EBBC03C24DCA602001BE860 /* MainViewController.swift */ = {isa = PBXFileReference; lastKnownFileType = sourcecode.swift; path = MainViewController.swift; sourceTree = "<group>"; };
		1EBBC03E24DCA66A001BE860 /* PuzzleManager.swift */ = {isa = PBXFileReference; lastKnownFileType = sourcecode.swift; path = PuzzleManager.swift; sourceTree = "<group>"; };
/* End PBXFileReference section */

/* Begin PBXFrameworksBuildPhase section */
		1EBBC02224DC9E9B001BE860 /* Frameworks */ = {
			isa = PBXFrameworksBuildPhase;
			buildActionMask = 2147483647;
			files = (
			);
			runOnlyForDeploymentPostprocessing = 0;
		};
/* End PBXFrameworksBuildPhase section */

/* Begin PBXGroup section */
		1EBBC01C24DC9E9B001BE860 = {
			isa = PBXGroup;
			children = (
				1EBBC02724DC9E9B001BE860 /* Puzze15App */,
				1EBBC02624DC9E9B001BE860 /* Products */,
			);
			sourceTree = "<group>";
		};
		1EBBC02624DC9E9B001BE860 /* Products */ = {
			isa = PBXGroup;
			children = (
				1EBBC02524DC9E9B001BE860 /* Puzze15App.app */,
			);
			name = Products;
			sourceTree = "<group>";
		};
		1EBBC02724DC9E9B001BE860 /* Puzze15App */ = {
			isa = PBXGroup;
			children = (
				1EBBC02824DC9E9B001BE860 /* AppDelegate.swift */,
				1E2B929724E03FA4009E703D /* ChangeGamePickerView.swift */,
				1EBBC02A24DC9E9B001BE860 /* SceneDelegate.swift */,
				1EBBC03C24DCA602001BE860 /* MainViewController.swift */,
				1EBBC03E24DCA66A001BE860 /* PuzzleManager.swift */,
				1E2B929524DEFD8B009E703D /* PickerData.swift */,
				1EBBC03324DC9E9C001BE860 /* LaunchScreen.storyboard */,
				1E2B929E24E34908009E703D /* Main.storyboard */,
				1EBBC03124DC9E9C001BE860 /* Assets.xcassets */,
				1EBBC03624DC9E9C001BE860 /* Info.plist */,
			);
			path = Puzze15App;
			sourceTree = "<group>";
		};
/* End PBXGroup section */

/* Begin PBXNativeTarget section */
		1EBBC02424DC9E9B001BE860 /* Puzze15App */ = {
			isa = PBXNativeTarget;
			buildConfigurationList = 1EBBC03924DC9E9C001BE860 /* Build configuration list for PBXNativeTarget "Puzze15App" */;
			buildPhases = (
				1EBBC02124DC9E9B001BE860 /* Sources */,
				1EBBC02224DC9E9B001BE860 /* Frameworks */,
				1EBBC02324DC9E9B001BE860 /* Resources */,
			);
			buildRules = (
			);
			dependencies = (
			);
			name = Puzze15App;
			productName = Puzze15App;
			productReference = 1EBBC02524DC9E9B001BE860 /* Puzze15App.app */;
			productType = "com.apple.product-type.application";
		};
/* End PBXNativeTarget section */

/* Begin PBXProject section */
		1EBBC01D24DC9E9B001BE860 /* Project object */ = {
			isa = PBXProject;
			attributes = {
				LastSwiftUpdateCheck = 1160;
				LastUpgradeCheck = 1160;
				ORGANIZATIONNAME = "Konstantin Petkov";
				TargetAttributes = {
					1EBBC02424DC9E9B001BE860 = {
						CreatedOnToolsVersion = 11.6;
					};
				};
			};
			buildConfigurationList = 1EBBC02024DC9E9B001BE860 /* Build configuration list for PBXProject "Puzze15App" */;
			compatibilityVersion = "Xcode 9.3";
			developmentRegion = en;
			hasScannedForEncodings = 0;
			knownRegions = (
				en,
				Base,
			);
			mainGroup = 1EBBC01C24DC9E9B001BE860;
			productRefGroup = 1EBBC02624DC9E9B001BE860 /* Products */;
			projectDirPath = "";
			projectRoot = "";
			targets = (
				1EBBC02424DC9E9B001BE860 /* Puzze15App */,
			);
		};
/* End PBXProject section */

/* Begin PBXResourcesBuildPhase section */
		1EBBC02324DC9E9B001BE860 /* Resources */ = {
			isa = PBXResourcesBuildPhase;
			buildActionMask = 2147483647;
			files = (
				1E2B92A024E34908009E703D /* Main.storyboard in Resources */,
				1EBBC03524DC9E9C001BE860 /* LaunchScreen.storyboard in Resources */,
				1EBBC03224DC9E9C001BE860 /* Assets.xcassets in Resources */,
			);
			runOnlyForDeploymentPostprocessing = 0;
		};
/* End PBXResourcesBuildPhase section */

/* Begin PBXSourcesBuildPhase section */
		1EBBC02124DC9E9B001BE860 /* Sources */ = {
			isa = PBXSourcesBuildPhase;
			buildActionMask = 2147483647;
			files = (
				1EBBC02924DC9E9B001BE860 /* AppDelegate.swift in Sources */,
				1E2B929624DEFD8B009E703D /* PickerData.swift in Sources */,
				1EBBC03F24DCA66A001BE860 /* PuzzleManager.swift in Sources */,
				1EBBC02B24DC9E9B001BE860 /* SceneDelegate.swift in Sources */,
				1E2B929824E03FA4009E703D /* ChangeGamePickerView.swift in Sources */,
				1EBBC03D24DCA602001BE860 /* MainViewController.swift in Sources */,
			);
			runOnlyForDeploymentPostprocessing = 0;
		};
/* End PBXSourcesBuildPhase section */

/* Begin PBXVariantGroup section */
		1E2B929E24E34908009E703D /* Main.storyboard */ = {
			isa = PBXVariantGroup;
			children = (
				1E2B929F24E34908009E703D /* Base */,
			);
			name = Main.storyboard;
			sourceTree = "<group>";
		};
		1EBBC03324DC9E9C001BE860 /* LaunchScreen.storyboard */ = {
			isa = PBXVariantGroup;
			children = (
				1EBBC03424DC9E9C001BE860 /* Base */,
			);
			name = LaunchScreen.storyboard;
			sourceTree = "<group>";
		};
/* End PBXVariantGroup section */

/* Begin XCBuildConfiguration section */
		1EBBC03724DC9E9C001BE860 /* Debug */ = {
			isa = XCBuildConfiguration;
			buildSettings = {
				ALWAYS_SEARCH_USER_PATHS = NO;
				CLANG_ANALYZER_NONNULL = YES;
				CLANG_ANALYZER_NUMBER_OBJECT_CONVERSION = YES_AGGRESSIVE;
				CLANG_CXX_LANGUAGE_STANDARD = "gnu++14";
				CLANG_CXX_LIBRARY = "libc++";
				CLANG_ENABLE_MODULES = YES;
				CLANG_ENABLE_OBJC_ARC = YES;
				CLANG_ENABLE_OBJC_WEAK = YES;
				CLANG_WARN_BLOCK_CAPTURE_AUTORELEASING = YES;
				CLANG_WARN_BOOL_CONVERSION = YES;
				CLANG_WARN_COMMA = YES;
				CLANG_WARN_CONSTANT_CONVERSION = YES;
				CLANG_WARN_DEPRECATED_OBJC_IMPLEMENTATIONS = YES;
				CLANG_WARN_DIRECT_OBJC_ISA_USAGE = YES_ERROR;
				CLANG_WARN_DOCUMENTATION_COMMENTS = YES;
				CLANG_WARN_EMPTY_BODY = YES;
				CLANG_WARN_ENUM_CONVERSION = YES;
				CLANG_WARN_INFINITE_RECURSION = YES;
				CLANG_WARN_INT_CONVERSION = YES;
				CLANG_WARN_NON_LITERAL_NULL_CONVERSION = YES;
				CLANG_WARN_OBJC_IMPLICIT_RETAIN_SELF = YES;
				CLANG_WARN_OBJC_LITERAL_CONVERSION = YES;
				CLANG_WARN_OBJC_ROOT_CLASS = YES_ERROR;
				CLANG_WARN_RANGE_LOOP_ANALYSIS = YES;
				CLANG_WARN_STRICT_PROTOTYPES = YES;
				CLANG_WARN_SUSPICIOUS_MOVE = YES;
				CLANG_WARN_UNGUARDED_AVAILABILITY = YES_AGGRESSIVE;
				CLANG_WARN_UNREACHABLE_CODE = YES;
				CLANG_WARN__DUPLICATE_METHOD_MATCH = YES;
				COPY_PHASE_STRIP = NO;
				DEBUG_INFORMATION_FORMAT = dwarf;
				ENABLE_STRICT_OBJC_MSGSEND = YES;
				ENABLE_TESTABILITY = YES;
				GCC_C_LANGUAGE_STANDARD = gnu11;
				GCC_DYNAMIC_NO_PIC = NO;
				GCC_NO_COMMON_BLOCKS = YES;
				GCC_OPTIMIZATION_LEVEL = 0;
				GCC_PREPROCESSOR_DEFINITIONS = (
					"DEBUG=1",
					"$(inherited)",
				);
				GCC_WARN_64_TO_32_BIT_CONVERSION = YES;
				GCC_WARN_ABOUT_RETURN_TYPE = YES_ERROR;
				GCC_WARN_UNDECLARED_SELECTOR = YES;
				GCC_WARN_UNINITIALIZED_AUTOS = YES_AGGRESSIVE;
				GCC_WARN_UNUSED_FUNCTION = YES;
				GCC_WARN_UNUSED_VARIABLE = YES;
				IPHONEOS_DEPLOYMENT_TARGET = 13.5;
				MTL_ENABLE_DEBUG_INFO = INCLUDE_SOURCE;
				MTL_FAST_MATH = YES;
				ONLY_ACTIVE_ARCH = YES;
				SDKROOT = iphoneos;
				SWIFT_ACTIVE_COMPILATION_CONDITIONS = DEBUG;
				SWIFT_OPTIMIZATION_LEVEL = "-Onone";
			};
			name = Debug;
		};
		1EBBC03824DC9E9C001BE860 /* Release */ = {
			isa = XCBuildConfiguration;
			buildSettings = {
				ALWAYS_SEARCH_USER_PATHS = NO;
				CLANG_ANALYZER_NONNULL = YES;
				CLANG_ANALYZER_NUMBER_OBJECT_CONVERSION = YES_AGGRESSIVE;
				CLANG_CXX_LANGUAGE_STANDARD = "gnu++14";
				CLANG_CXX_LIBRARY = "libc++";
				CLANG_ENABLE_MODULES = YES;
				CLANG_ENABLE_OBJC_ARC = YES;
				CLANG_ENABLE_OBJC_WEAK = YES;
				CLANG_WARN_BLOCK_CAPTURE_AUTORELEASING = YES;
				CLANG_WARN_BOOL_CONVERSION = YES;
				CLANG_WARN_COMMA = YES;
				CLANG_WARN_CONSTANT_CONVERSION = YES;
				CLANG_WARN_DEPRECATED_OBJC_IMPLEMENTATIONS = YES;
				CLANG_WARN_DIRECT_OBJC_ISA_USAGE = YES_ERROR;
				CLANG_WARN_DOCUMENTATION_COMMENTS = YES;
				CLANG_WARN_EMPTY_BODY = YES;
				CLANG_WARN_ENUM_CONVERSION = YES;
				CLANG_WARN_INFINITE_RECURSION = YES;
				CLANG_WARN_INT_CONVERSION = YES;
				CLANG_WARN_NON_LITERAL_NULL_CONVERSION = YES;
				CLANG_WARN_OBJC_IMPLICIT_RETAIN_SELF = YES;
				CLANG_WARN_OBJC_LITERAL_CONVERSION = YES;
				CLANG_WARN_OBJC_ROOT_CLASS = YES_ERROR;
				CLANG_WARN_RANGE_LOOP_ANALYSIS = YES;
				CLANG_WARN_STRICT_PROTOTYPES = YES;
				CLANG_WARN_SUSPICIOUS_MOVE = YES;
				CLANG_WARN_UNGUARDED_AVAILABILITY = YES_AGGRESSIVE;
				CLANG_WARN_UNREACHABLE_CODE = YES;
				CLANG_WARN__DUPLICATE_METHOD_MATCH = YES;
				COPY_PHASE_STRIP = NO;
				DEBUG_INFORMATION_FORMAT = "dwarf-with-dsym";
				ENABLE_NS_ASSERTIONS = NO;
				ENABLE_STRICT_OBJC_MSGSEND = YES;
				GCC_C_LANGUAGE_STANDARD = gnu11;
				GCC_NO_COMMON_BLOCKS = YES;
				GCC_WARN_64_TO_32_BIT_CONVERSION = YES;
				GCC_WARN_ABOUT_RETURN_TYPE = YES_ERROR;
				GCC_WARN_UNDECLARED_SELECTOR = YES;
				GCC_WARN_UNINITIALIZED_AUTOS = YES_AGGRESSIVE;
				GCC_WARN_UNUSED_FUNCTION = YES;
				GCC_WARN_UNUSED_VARIABLE = YES;
				IPHONEOS_DEPLOYMENT_TARGET = 13.5;
				MTL_ENABLE_DEBUG_INFO = NO;
				MTL_FAST_MATH = YES;
				SDKROOT = iphoneos;
				SWIFT_COMPILATION_MODE = wholemodule;
				SWIFT_OPTIMIZATION_LEVEL = "-O";
				VALIDATE_PRODUCT = YES;
			};
			name = Release;
		};
		1EBBC03A24DC9E9C001BE860 /* Debug */ = {
			isa = XCBuildConfiguration;
			buildSettings = {
				ASSETCATALOG_COMPILER_APPICON_NAME = AppIcon;
				CODE_SIGN_STYLE = Automatic;
				DEVELOPMENT_TEAM = 3WRFMAJ9PY;
				INFOPLIST_FILE = Puzze15App/Info.plist;
				IPHONEOS_DEPLOYMENT_TARGET = 13.5;
				LD_RUNPATH_SEARCH_PATHS = (
					"$(inherited)",
					"@executable_path/Frameworks",
				);
				PRODUCT_BUNDLE_IDENTIFIER = TheProdigy.Puzze15App;
				PRODUCT_NAME = "$(TARGET_NAME)";
				SWIFT_VERSION = 5.0;
				TARGETED_DEVICE_FAMILY = "1,2";
			};
			name = Debug;
		};
		1EBBC03B24DC9E9C001BE860 /* Release */ = {
			isa = XCBuildConfiguration;
			buildSettings = {
				ASSETCATALOG_COMPILER_APPICON_NAME = AppIcon;
				CODE_SIGN_STYLE = Automatic;
				DEVELOPMENT_TEAM = 3WRFMAJ9PY;
				INFOPLIST_FILE = Puzze15App/Info.plist;
				IPHONEOS_DEPLOYMENT_TARGET = 13.5;
				LD_RUNPATH_SEARCH_PATHS = (
					"$(inherited)",
					"@executable_path/Frameworks",
				);
				PRODUCT_BUNDLE_IDENTIFIER = TheProdigy.Puzze15App;
				PRODUCT_NAME = "$(TARGET_NAME)";
				SWIFT_VERSION = 5.0;
				TARGETED_DEVICE_FAMILY = "1,2";
			};
			name = Release;
		};
/* End XCBuildConfiguration section */

/* Begin XCConfigurationList section */
		1EBBC02024DC9E9B001BE860 /* Build configuration list for PBXProject "Puzze15App" */ = {
			isa = XCConfigurationList;
			buildConfigurations = (
				1EBBC03724DC9E9C001BE860 /* Debug */,
				1EBBC03824DC9E9C001BE860 /* Release */,
			);
			defaultConfigurationIsVisible = 0;
			defaultConfigurationName = Release;
		};
		1EBBC03924DC9E9C001BE860 /* Build configuration list for PBXNativeTarget "Puzze15App" */ = {
			isa = XCConfigurationList;
			buildConfigurations = (
				1EBBC03A24DC9E9C001BE860 /* Debug */,
				1EBBC03B24DC9E9C001BE860 /* Release */,
			);
			defaultConfigurationIsVisible = 0;
			defaultConfigurationName = Release;
		};
/* End XCConfigurationList section */
	};
	rootObject = 1EBBC01D24DC9E9B001BE860 /* Project object */;
}
